
Microsoft Visual Studio Solution File, Format Version 12.00
# Visual Studio Version 16
VisualStudioVersion = 16.0.32413.511
MinimumVisualStudioVersion = 10.0.40219.1
Project("{FAE04EC0-301F-11D3-BF4B-00C04F79EFBC}") = "Нестатичен Метод", "Нестатичен Метод\Нестатичен Метод.csproj", "{0395611B-A4A3-4E33-8D49-75FC56EF1ADA}"
EndProject
Global
	GlobalSection(SolutionConfigurationPlatforms) = preSolution
		Debug|Any CPU = Debug|Any CPU
		Release|Any CPU = Release|Any CPU
	EndGlobalSection
	GlobalSection(ProjectConfigurationPlatforms) = postSolution
		{0395611B-A4A3-4E33-8D49-75FC56EF1ADA}.Debug|Any CPU.ActiveCfg = Debug|Any CPU
		{0395611B-A4A3-4E33-8D49-75FC56EF1ADA}.Debug|Any CPU.Build.0 = Debug|Any CPU
		{0395611B-A4A3-4E33-8D49-75FC56EF1ADA}.Release|Any CPU.ActiveCfg = Release|Any CPU
		{0395611B-A4A3-4E33-8D49-75FC56EF1ADA}.Release|Any CPU.Build.0 = Release|Any CPU
	EndGlobalSection
	GlobalSection(SolutionProperties) = preSolution
		HideSolutionNode = FALSE
	EndGlobalSection
	GlobalSection(ExtensibilityGlobals) = postSolution
		SolutionGuid = {218BDC89-23AE-47E4-87B8-979E3E3EE9AF}
	EndGlobalSection
EndGlobal
