
Microsoft Visual Studio Solution File, Format Version 12.00
# Visual Studio Version 16
VisualStudioVersion = 16.0.32413.511
MinimumVisualStudioVersion = 10.0.40219.1
Project("{FAE04EC0-301F-11D3-BF4B-00C04F79EFBC}") = "ConsoleApp2", "ConsoleApp2\ConsoleApp2.csproj", "{7192ED57-3F35-4BAD-8478-7A2A0F9DD2BE}"
EndProject
Global
	GlobalSection(SolutionConfigurationPlatforms) = preSolution
		Debug|Any CPU = Debug|Any CPU
		Release|Any CPU = Release|Any CPU
	EndGlobalSection
	GlobalSection(ProjectConfigurationPlatforms) = postSolution
		{7192ED57-3F35-4BAD-8478-7A2A0F9DD2BE}.Debug|Any CPU.ActiveCfg = Debug|Any CPU
		{7192ED57-3F35-4BAD-8478-7A2A0F9DD2BE}.Debug|Any CPU.Build.0 = Debug|Any CPU
		{7192ED57-3F35-4BAD-8478-7A2A0F9DD2BE}.Release|Any CPU.ActiveCfg = Release|Any CPU
		{7192ED57-3F35-4BAD-8478-7A2A0F9DD2BE}.Release|Any CPU.Build.0 = Release|Any CPU
	EndGlobalSection
	GlobalSection(SolutionProperties) = preSolution
		HideSolutionNode = FALSE
	EndGlobalSection
	GlobalSection(ExtensibilityGlobals) = postSolution
		SolutionGuid = {E9E18E7C-7F63-41DD-85E7-6E2CA4047037}
	EndGlobalSection
EndGlobal
