
Microsoft Visual Studio Solution File, Format Version 12.00
# Visual Studio Version 16
VisualStudioVersion = 16.0.32413.511
MinimumVisualStudioVersion = 10.0.40219.1
Project("{FAE04EC0-301F-11D3-BF4B-00C04F79EFBC}") = "ConsoleApp1", "ConsoleApp1\ConsoleApp1.csproj", "{EDB731AC-F474-43D0-8A64-A1426062C3BB}"
EndProject
Global
	GlobalSection(SolutionConfigurationPlatforms) = preSolution
		Debug|Any CPU = Debug|Any CPU
		Release|Any CPU = Release|Any CPU
	EndGlobalSection
	GlobalSection(ProjectConfigurationPlatforms) = postSolution
		{EDB731AC-F474-43D0-8A64-A1426062C3BB}.Debug|Any CPU.ActiveCfg = Debug|Any CPU
		{EDB731AC-F474-43D0-8A64-A1426062C3BB}.Debug|Any CPU.Build.0 = Debug|Any CPU
		{EDB731AC-F474-43D0-8A64-A1426062C3BB}.Release|Any CPU.ActiveCfg = Release|Any CPU
		{EDB731AC-F474-43D0-8A64-A1426062C3BB}.Release|Any CPU.Build.0 = Release|Any CPU
	EndGlobalSection
	GlobalSection(SolutionProperties) = preSolution
		HideSolutionNode = FALSE
	EndGlobalSection
	GlobalSection(ExtensibilityGlobals) = postSolution
		SolutionGuid = {F4082710-C722-4A79-A80F-CDC08564F3CF}
	EndGlobalSection
EndGlobal
