
Microsoft Visual Studio Solution File, Format Version 12.00
# Visual Studio Version 16
VisualStudioVersion = 16.0.32413.511
MinimumVisualStudioVersion = 10.0.40219.1
Project("{FAE04EC0-301F-11D3-BF4B-00C04F79EFBC}") = "EX04", "EX04\EX04.csproj", "{CB76A545-E0CD-46EF-B511-80B74C7206CD}"
EndProject
Global
	GlobalSection(SolutionConfigurationPlatforms) = preSolution
		Debug|Any CPU = Debug|Any CPU
		Release|Any CPU = Release|Any CPU
	EndGlobalSection
	GlobalSection(ProjectConfigurationPlatforms) = postSolution
		{CB76A545-E0CD-46EF-B511-80B74C7206CD}.Debug|Any CPU.ActiveCfg = Debug|Any CPU
		{CB76A545-E0CD-46EF-B511-80B74C7206CD}.Debug|Any CPU.Build.0 = Debug|Any CPU
		{CB76A545-E0CD-46EF-B511-80B74C7206CD}.Release|Any CPU.ActiveCfg = Release|Any CPU
		{CB76A545-E0CD-46EF-B511-80B74C7206CD}.Release|Any CPU.Build.0 = Release|Any CPU
	EndGlobalSection
	GlobalSection(SolutionProperties) = preSolution
		HideSolutionNode = FALSE
	EndGlobalSection
	GlobalSection(ExtensibilityGlobals) = postSolution
		SolutionGuid = {2B1B7935-A06F-41F7-BC64-6E812A5930FC}
	EndGlobalSection
EndGlobal
